
Microsoft Visual Studio Solution File, Format Version 12.00
# Visual Studio 15
VisualStudioVersion = 15.0.28306.52
MinimumVisualStudioVersion = 10.0.40219.1
Project("{FAE04EC0-301F-11D3-BF4B-00C04F79EFBC}") = "bite_overall", "bite_overall\bite_overall.csproj", "{5380EDE4-F647-4585-AF30-E22B20BDE200}"
EndProject
Global
	GlobalSection(SolutionConfigurationPlatforms) = preSolution
		Debug|Any CPU = Debug|Any CPU
		Release|Any CPU = Release|Any CPU
	EndGlobalSection
	GlobalSection(ProjectConfigurationPlatforms) = postSolution
		{5380EDE4-F647-4585-AF30-E22B20BDE200}.Debug|Any CPU.ActiveCfg = Debug|Any CPU
		{5380EDE4-F647-4585-AF30-E22B20BDE200}.Debug|Any CPU.Build.0 = Debug|Any CPU
		{5380EDE4-F647-4585-AF30-E22B20BDE200}.Release|Any CPU.ActiveCfg = Release|Any CPU
		{5380EDE4-F647-4585-AF30-E22B20BDE200}.Release|Any CPU.Build.0 = Release|Any CPU
	EndGlobalSection
	GlobalSection(SolutionProperties) = preSolution
		HideSolutionNode = FALSE
	EndGlobalSection
	GlobalSection(ExtensibilityGlobals) = postSolution
		SolutionGuid = {2A5BCF4D-E095-49D6-A427-D1D2FDB420A4}
	EndGlobalSection
EndGlobal
