
Microsoft Visual Studio Solution File, Format Version 12.00
# Visual Studio 15
VisualStudioVersion = 15.0.28306.52
MinimumVisualStudioVersion = 10.0.40219.1
Project("{8BC9CEB8-8B4A-11D0-8D11-00A0C91BC942}") = "6_RSAopenssl_Decrypt", "6_RSAopenssl_Decrypt\6_RSAopenssl_Decrypt.vcxproj", "{39A82468-8929-452C-9E20-5F7088A85044}"
EndProject
Global
	GlobalSection(SolutionConfigurationPlatforms) = preSolution
		Debug|x64 = Debug|x64
		Debug|x86 = Debug|x86
		Release|x64 = Release|x64
		Release|x86 = Release|x86
	EndGlobalSection
	GlobalSection(ProjectConfigurationPlatforms) = postSolution
		{39A82468-8929-452C-9E20-5F7088A85044}.Debug|x64.ActiveCfg = Debug|x64
		{39A82468-8929-452C-9E20-5F7088A85044}.Debug|x64.Build.0 = Debug|x64
		{39A82468-8929-452C-9E20-5F7088A85044}.Debug|x86.ActiveCfg = Debug|Win32
		{39A82468-8929-452C-9E20-5F7088A85044}.Debug|x86.Build.0 = Debug|Win32
		{39A82468-8929-452C-9E20-5F7088A85044}.Release|x64.ActiveCfg = Release|x64
		{39A82468-8929-452C-9E20-5F7088A85044}.Release|x64.Build.0 = Release|x64
		{39A82468-8929-452C-9E20-5F7088A85044}.Release|x86.ActiveCfg = Release|Win32
		{39A82468-8929-452C-9E20-5F7088A85044}.Release|x86.Build.0 = Release|Win32
	EndGlobalSection
	GlobalSection(SolutionProperties) = preSolution
		HideSolutionNode = FALSE
	EndGlobalSection
	GlobalSection(ExtensibilityGlobals) = postSolution
		SolutionGuid = {E8137BFD-80AA-475D-BCAD-4D9160C205B6}
	EndGlobalSection
EndGlobal
